// !$*UTF8*$!
{
	archiveVersion = 1;
	classes = {
	};
	objectVersion = 46;
	objects = {

/* Begin PBXBuildFile section */
		CC66202C17CEF83A009E271D /* Foundation.framework in Frameworks */ = {isa = PBXBuildFile; fileRef = CC66202B17CEF83A009E271D /* Foundation.framework */; };
		CC66202E17CEF83A009E271D /* CoreGraphics.framework in Frameworks */ = {isa = PBXBuildFile; fileRef = CC66202D17CEF83A009E271D /* CoreGraphics.framework */; };
		CC66203017CEF83A009E271D /* UIKit.framework in Frameworks */ = {isa = PBXBuildFile; fileRef = CC66202F17CEF83A009E271D /* UIKit.framework */; };
		CC66203617CEF83A009E271D /* InfoPlist.strings in Resources */ = {isa = PBXBuildFile; fileRef = CC66203417CEF83A009E271D /* InfoPlist.strings */; };
		CC66203817CEF83A009E271D /* main.m in Sources */ = {isa = PBXBuildFile; fileRef = CC66203717CEF83A009E271D /* main.m */; };
		CC66203C17CEF83A009E271D /* AppDelegate.m in Sources */ = {isa = PBXBuildFile; fileRef = CC66203B17CEF83A009E271D /* AppDelegate.m */; };
		CC66203F17CEF83A009E271D /* Main.storyboard in Resources */ = {isa = PBXBuildFile; fileRef = CC66203D17CEF83A009E271D /* Main.storyboard */; };
		CC66204217CEF83A009E271D /* ViewController.m in Sources */ = {isa = PBXBuildFile; fileRef = CC66204117CEF83A009E271D /* ViewController.m */; };
		CC66204417CEF83A009E271D /* Images.xcassets in Resources */ = {isa = PBXBuildFile; fileRef = CC66204317CEF83A009E271D /* Images.xcassets */; };
		CC66204B17CEF83A009E271D /* XCTest.framework in Frameworks */ = {isa = PBXBuildFile; fileRef = CC66204A17CEF83A009E271D /* XCTest.framework */; };
		CC66204C17CEF83A009E271D /* Foundation.framework in Frameworks */ = {isa = PBXBuildFile; fileRef = CC66202B17CEF83A009E271D /* Foundation.framework */; };
		CC66204D17CEF83A009E271D /* UIKit.framework in Frameworks */ = {isa = PBXBuildFile; fileRef = CC66202F17CEF83A009E271D /* UIKit.framework */; };
		CC66205517CEF83A009E271D /* InfoPlist.strings in Resources */ = {isa = PBXBuildFile; fileRef = CC66205317CEF83A009E271D /* InfoPlist.strings */; };
		CC66205717CEF83A009E271D /* TestATests.m in Sources */ = {isa = PBXBuildFile; fileRef = CC66205617CEF83A009E271D /* TestATests.m */; };
/* End PBXBuildFile section */

/* Begin PBXContainerItemProxy section */
		CC66204E17CEF83A009E271D /* PBXContainerItemProxy */ = {
			isa = PBXContainerItemProxy;
			containerPortal = CC66202017CEF83A009E271D /* Project object */;
			proxyType = 1;
			remoteGlobalIDString = CC66202717CEF83A009E271D;
			remoteInfo = TestA;
		};
/* End PBXContainerItemProxy section */

/* Begin PBXFileReference section */
		CC66202817CEF83A009E271D /* TestA.app */ = {isa = PBXFileReference; explicitFileType = wrapper.application; includeInIndex = 0; path = TestA.app; sourceTree = BUILT_PRODUCTS_DIR; };
		CC66202B17CEF83A009E271D /* Foundation.framework */ = {isa = PBXFileReference; lastKnownFileType = wrapper.framework; name = Foundation.framework; path = System/Library/Frameworks/Foundation.framework; sourceTree = SDKROOT; };
		CC66202D17CEF83A009E271D /* CoreGraphics.framework */ = {isa = PBXFileReference; lastKnownFileType = wrapper.framework; name = CoreGraphics.framework; path = System/Library/Frameworks/CoreGraphics.framework; sourceTree = SDKROOT; };
		CC66202F17CEF83A009E271D /* UIKit.framework */ = {isa = PBXFileReference; lastKnownFileType = wrapper.framework; name = UIKit.framework; path = System/Library/Frameworks/UIKit.framework; sourceTree = SDKROOT; };
		CC66203317CEF83A009E271D /* TestA-Info.plist */ = {isa = PBXFileReference; lastKnownFileType = text.plist.xml; path = "TestA-Info.plist"; sourceTree = "<group>"; };
		CC66203517CEF83A009E271D /* en */ = {isa = PBXFileReference; lastKnownFileType = text.plist.strings; name = en; path = en.lproj/InfoPlist.strings; sourceTree = "<group>"; };
		CC66203717CEF83A009E271D /* main.m */ = {isa = PBXFileReference; lastKnownFileType = sourcecode.c.objc; path = main.m; sourceTree = "<group>"; };
		CC66203917CEF83A009E271D /* TestA-Prefix.pch */ = {isa = PBXFileReference; lastKnownFileType = sourcecode.c.h; path = "TestA-Prefix.pch"; sourceTree = "<group>"; };
		CC66203A17CEF83A009E271D /* AppDelegate.h */ = {isa = PBXFileReference; lastKnownFileType = sourcecode.c.h; path = AppDelegate.h; sourceTree = "<group>"; };
		CC66203B17CEF83A009E271D /* AppDelegate.m */ = {isa = PBXFileReference; lastKnownFileType = sourcecode.c.objc; path = AppDelegate.m; sourceTree = "<group>"; };
		CC66203E17CEF83A009E271D /* Base */ = {isa = PBXFileReference; lastKnownFileType = file.storyboard; name = Base; path = Base.lproj/Main.storyboard; sourceTree = "<group>"; };
		CC66204017CEF83A009E271D /* ViewController.h */ = {isa = PBXFileReference; lastKnownFileType = sourcecode.c.h; path = ViewController.h; sourceTree = "<group>"; };
		CC66204117CEF83A009E271D /* ViewController.m */ = {isa = PBXFileReference; lastKnownFileType = sourcecode.c.objc; path = ViewController.m; sourceTree = "<group>"; };
		CC66204317CEF83A009E271D /* Images.xcassets */ = {isa = PBXFileReference; lastKnownFileType = folder.assetcatalog; path = Images.xcassets; sourceTree = "<group>"; };
		CC66204917CEF83A009E271D /* TestATests.xctest */ = {isa = PBXFileReference; explicitFileType = wrapper.cfbundle; includeInIndex = 0; path = TestATests.xctest; sourceTree = BUILT_PRODUCTS_DIR; };
		CC66204A17CEF83A009E271D /* XCTest.framework */ = {isa = PBXFileReference; lastKnownFileType = wrapper.framework; name = XCTest.framework; path = Library/Frameworks/XCTest.framework; sourceTree = DEVELOPER_DIR; };
		CC66205217CEF83A009E271D /* TestATests-Info.plist */ = {isa = PBXFileReference; lastKnownFileType = text.plist.xml; path = "TestATests-Info.plist"; sourceTree = "<group>"; };
		CC66205417CEF83A009E271D /* en */ = {isa = PBXFileReference; lastKnownFileType = text.plist.strings; name = en; path = en.lproj/InfoPlist.strings; sourceTree = "<group>"; };
		CC66205617CEF83A009E271D /* TestATests.m */ = {isa = PBXFileReference; lastKnownFileType = sourcecode.c.objc; path = TestATests.m; sourceTree = "<group>"; };
/* End PBXFileReference section */

/* Begin PBXFrameworksBuildPhase section */
		CC66202517CEF83A009E271D /* Frameworks */ = {
			isa = PBXFrameworksBuildPhase;
			buildActionMask = 2147483647;
			files = (
				CC66202E17CEF83A009E271D /* CoreGraphics.framework in Frameworks */,
				CC66203017CEF83A009E271D /* UIKit.framework in Frameworks */,
				CC66202C17CEF83A009E271D /* Foundation.framework in Frameworks */,
			);
			runOnlyForDeploymentPostprocessing = 0;
		};
		CC66204617CEF83A009E271D /* Frameworks */ = {
			isa = PBXFrameworksBuildPhase;
			buildActionMask = 2147483647;
			files = (
				CC66204B17CEF83A009E271D /* XCTest.framework in Frameworks */,
				CC66204D17CEF83A009E271D /* UIKit.framework in Frameworks */,
				CC66204C17CEF83A009E271D /* Foundation.framework in Frameworks */,
			);
			runOnlyForDeploymentPostprocessing = 0;
		};
/* End PBXFrameworksBuildPhase section */

/* Begin PBXGroup section */
		CC66201F17CEF83A009E271D = {
			isa = PBXGroup;
			children = (
				CC66203117CEF83A009E271D /* TestA */,
				CC66205017CEF83A009E271D /* TestATests */,
				CC66202A17CEF83A009E271D /* Frameworks */,
				CC66202917CEF83A009E271D /* Products */,
			);
			sourceTree = "<group>";
		};
		CC66202917CEF83A009E271D /* Products */ = {
			isa = PBXGroup;
			children = (
				CC66202817CEF83A009E271D /* TestA.app */,
				CC66204917CEF83A009E271D /* TestATests.xctest */,
			);
			name = Products;
			sourceTree = "<group>";
		};
		CC66202A17CEF83A009E271D /* Frameworks */ = {
			isa = PBXGroup;
			children = (
				CC66202B17CEF83A009E271D /* Foundation.framework */,
				CC66202D17CEF83A009E271D /* CoreGraphics.framework */,
				CC66202F17CEF83A009E271D /* UIKit.framework */,
				CC66204A17CEF83A009E271D /* XCTest.framework */,
			);
			name = Frameworks;
			sourceTree = "<group>";
		};
		CC66203117CEF83A009E271D /* TestA */ = {
			isa = PBXGroup;
			children = (
				CC66203A17CEF83A009E271D /* AppDelegate.h */,
				CC66203B17CEF83A009E271D /* AppDelegate.m */,
				CC66203D17CEF83A009E271D /* Main.storyboard */,
				CC66204017CEF83A009E271D /* ViewController.h */,
				CC66204117CEF83A009E271D /* ViewController.m */,
				CC66204317CEF83A009E271D /* Images.xcassets */,
				CC66203217CEF83A009E271D /* Supporting Files */,
			);
			path = TestA;
			sourceTree = "<group>";
		};
		CC66203217CEF83A009E271D /* Supporting Files */ = {
			isa = PBXGroup;
			children = (
				CC66203317CEF83A009E271D /* TestA-Info.plist */,
				CC66203417CEF83A009E271D /* InfoPlist.strings */,
				CC66203717CEF83A009E271D /* main.m */,
				CC66203917CEF83A009E271D /* TestA-Prefix.pch */,
			);
			name = "Supporting Files";
			sourceTree = "<group>";
		};
		CC66205017CEF83A009E271D /* TestATests */ = {
			isa = PBXGroup;
			children = (
				CC66205617CEF83A009E271D /* TestATests.m */,
				CC66205117CEF83A009E271D /* Supporting Files */,
			);
			path = TestATests;
			sourceTree = "<group>";
		};
		CC66205117CEF83A009E271D /* Supporting Files */ = {
			isa = PBXGroup;
			children = (
				CC66205217CEF83A009E271D /* TestATests-Info.plist */,
				CC66205317CEF83A009E271D /* InfoPlist.strings */,
			);
			name = "Supporting Files";
			sourceTree = "<group>";
		};
/* End PBXGroup section */

/* Begin PBXNativeTarget section */
		CC66202717CEF83A009E271D /* TestA */ = {
			isa = PBXNativeTarget;
			buildConfigurationList = CC66205A17CEF83A009E271D /* Build configuration list for PBXNativeTarget "TestA" */;
			buildPhases = (
				CC66202417CEF83A009E271D /* Sources */,
				CC66202517CEF83A009E271D /* Frameworks */,
				CC66202617CEF83A009E271D /* Resources */,
			);
			buildRules = (
			);
			dependencies = (
			);
			name = TestA;
			productName = TestA;
			productReference = CC66202817CEF83A009E271D /* TestA.app */;
			productType = "com.apple.product-type.application";
		};
		CC66204817CEF83A009E271D /* TestATests */ = {
			isa = PBXNativeTarget;
			buildConfigurationList = CC66205D17CEF83A009E271D /* Build configuration list for PBXNativeTarget "TestATests" */;
			buildPhases = (
				CC66204517CEF83A009E271D /* Sources */,
				CC66204617CEF83A009E271D /* Frameworks */,
				CC66204717CEF83A009E271D /* Resources */,
			);
			buildRules = (
			);
			dependencies = (
				CC66204F17CEF83A009E271D /* PBXTargetDependency */,
			);
			name = TestATests;
			productName = TestATests;
			productReference = CC66204917CEF83A009E271D /* TestATests.xctest */;
			productType = "com.apple.product-type.bundle.unit-test";
		};
/* End PBXNativeTarget section */

/* Begin PBXProject section */
		CC66202017CEF83A009E271D /* Project object */ = {
			isa = PBXProject;
			attributes = {
				LastUpgradeCheck = 0500;
				ORGANIZATIONNAME = qingyun;
				TargetAttributes = {
					CC66204817CEF83A009E271D = {
						TestTargetID = CC66202717CEF83A009E271D;
					};
				};
			};
			buildConfigurationList = CC66202317CEF83A009E271D /* Build configuration list for PBXProject "TestA" */;
			compatibilityVersion = "Xcode 3.2";
			developmentRegion = English;
			hasScannedForEncodings = 0;
			knownRegions = (
				en,
				Base,
			);
			mainGroup = CC66201F17CEF83A009E271D;
			productRefGroup = CC66202917CEF83A009E271D /* Products */;
			projectDirPath = "";
			projectRoot = "";
			targets = (
				CC66202717CEF83A009E271D /* TestA */,
				CC66204817CEF83A009E271D /* TestATests */,
			);
		};
/* End PBXProject section */

/* Begin PBXResourcesBuildPhase section */
		CC66202617CEF83A009E271D /* Resources */ = {
			isa = PBXResourcesBuildPhase;
			buildActionMask = 2147483647;
			files = (
				CC66204417CEF83A009E271D /* Images.xcassets in Resources */,
				CC66203617CEF83A009E271D /* InfoPlist.strings in Resources */,
				CC66203F17CEF83A009E271D /* Main.storyboard in Resources */,
			);
			runOnlyForDeploymentPostprocessing = 0;
		};
		CC66204717CEF83A009E271D /* Resources */ = {
			isa = PBXResourcesBuildPhase;
			buildActionMask = 2147483647;
			files = (
				CC66205517CEF83A009E271D /* InfoPlist.strings in Resources */,
			);
			runOnlyForDeploymentPostprocessing = 0;
		};
/* End PBXResourcesBuildPhase section */

/* Begin PBXSourcesBuildPhase section */
		CC66202417CEF83A009E271D /* Sources */ = {
			isa = PBXSourcesBuildPhase;
			buildActionMask = 2147483647;
			files = (
				CC66204217CEF83A009E271D /* ViewController.m in Sources */,
				CC66203C17CEF83A009E271D /* AppDelegate.m in Sources */,
				CC66203817CEF83A009E271D /* main.m in Sources */,
			);
			runOnlyForDeploymentPostprocessing = 0;
		};
		CC66204517CEF83A009E271D /* Sources */ = {
			isa = PBXSourcesBuildPhase;
			buildActionMask = 2147483647;
			files = (
				CC66205717CEF83A009E271D /* TestATests.m in Sources */,
			);
			runOnlyForDeploymentPostprocessing = 0;
		};
/* End PBXSourcesBuildPhase section */

/* Begin PBXTargetDependency section */
		CC66204F17CEF83A009E271D /* PBXTargetDependency */ = {
			isa = PBXTargetDependency;
			target = CC66202717CEF83A009E271D /* TestA */;
			targetProxy = CC66204E17CEF83A009E271D /* PBXContainerItemProxy */;
		};
/* End PBXTargetDependency section */

/* Begin PBXVariantGroup section */
		CC66203417CEF83A009E271D /* InfoPlist.strings */ = {
			isa = PBXVariantGroup;
			children = (
				CC66203517CEF83A009E271D /* en */,
			);
			name = InfoPlist.strings;
			sourceTree = "<group>";
		};
		CC66203D17CEF83A009E271D /* Main.storyboard */ = {
			isa = PBXVariantGroup;
			children = (
				CC66203E17CEF83A009E271D /* Base */,
			);
			name = Main.storyboard;
			sourceTree = "<group>";
		};
		CC66205317CEF83A009E271D /* InfoPlist.strings */ = {
			isa = PBXVariantGroup;
			children = (
				CC66205417CEF83A009E271D /* en */,
			);
			name = InfoPlist.strings;
			sourceTree = "<group>";
		};
/* End PBXVariantGroup section */

/* Begin XCBuildConfiguration section */
		CC66205817CEF83A009E271D /* Debug */ = {
			isa = XCBuildConfiguration;
			buildSettings = {
				ALWAYS_SEARCH_USER_PATHS = NO;
				CLANG_CXX_LANGUAGE_STANDARD = "gnu++0x";
				CLANG_CXX_LIBRARY = "libc++";
				CLANG_ENABLE_MODULES = YES;
				CLANG_ENABLE_OBJC_ARC = YES;
				CLANG_WARN_BOOL_CONVERSION = YES;
				CLANG_WARN_CONSTANT_CONVERSION = YES;
				CLANG_WARN_DIRECT_OBJC_ISA_USAGE = YES_ERROR;
				CLANG_WARN_EMPTY_BODY = YES;
				CLANG_WARN_ENUM_CONVERSION = YES;
				CLANG_WARN_INT_CONVERSION = YES;
				CLANG_WARN_OBJC_ROOT_CLASS = YES_ERROR;
				CLANG_WARN__DUPLICATE_METHOD_MATCH = YES;
				"CODE_SIGN_IDENTITY[sdk=iphoneos*]" = "iPhone Developer";
				COPY_PHASE_STRIP = NO;
				GCC_C_LANGUAGE_STANDARD = gnu99;
				GCC_DYNAMIC_NO_PIC = NO;
				GCC_OPTIMIZATION_LEVEL = 0;
				GCC_PREPROCESSOR_DEFINITIONS = (
					"DEBUG=1",
					"$(inherited)",
				);
				GCC_SYMBOLS_PRIVATE_EXTERN = NO;
				GCC_WARN_ABOUT_RETURN_TYPE = YES_ERROR;
				GCC_WARN_UNDECLARED_SELECTOR = YES;
				GCC_WARN_UNINITIALIZED_AUTOS = YES;
				GCC_WARN_UNUSED_FUNCTION = YES;
				GCC_WARN_UNUSED_VARIABLE = YES;
				IPHONEOS_DEPLOYMENT_TARGET = 7.0;
				ONLY_ACTIVE_ARCH = YES;
				SDKROOT = iphoneos;
			};
			name = Debug;
		};
		CC66205917CEF83A009E271D /* Release */ = {
			isa = XCBuildConfiguration;
			buildSettings = {
				ALWAYS_SEARCH_USER_PATHS = NO;
				CLANG_CXX_LANGUAGE_STANDARD = "gnu++0x";
				CLANG_CXX_LIBRARY = "libc++";
				CLANG_ENABLE_MODULES = YES;
				CLANG_ENABLE_OBJC_ARC = YES;
				CLANG_WARN_BOOL_CONVERSION = YES;
				CLANG_WARN_CONSTANT_CONVERSION = YES;
				CLANG_WARN_DIRECT_OBJC_ISA_USAGE = YES_ERROR;
				CLANG_WARN_EMPTY_BODY = YES;
				CLANG_WARN_ENUM_CONVERSION = YES;
				CLANG_WARN_INT_CONVERSION = YES;
				CLANG_WARN_OBJC_ROOT_CLASS = YES_ERROR;
				CLANG_WARN__DUPLICATE_METHOD_MATCH = YES;
				"CODE_SIGN_IDENTITY[sdk=iphoneos*]" = "iPhone Developer";
				COPY_PHASE_STRIP = YES;
				ENABLE_NS_ASSERTIONS = NO;
				GCC_C_LANGUAGE_STANDARD = gnu99;
				GCC_WARN_ABOUT_RETURN_TYPE = YES_ERROR;
				GCC_WARN_UNDECLARED_SELECTOR = YES;
				GCC_WARN_UNINITIALIZED_AUTOS = YES;
				GCC_WARN_UNUSED_FUNCTION = YES;
				GCC_WARN_UNUSED_VARIABLE = YES;
				IPHONEOS_DEPLOYMENT_TARGET = 7.0;
				SDKROOT = iphoneos;
				VALIDATE_PRODUCT = YES;
			};
			name = Release;
		};
		CC66205B17CEF83A009E271D /* Debug */ = {
			isa = XCBuildConfiguration;
			buildSettings = {
				ASSETCATALOG_COMPILER_APPICON_NAME = AppIcon;
				ASSETCATALOG_COMPILER_LAUNCHIMAGE_NAME = LaunchImage;
				GCC_PRECOMPILE_PREFIX_HEADER = YES;
				GCC_PREFIX_HEADER = "TestA/TestA-Prefix.pch";
				INFOPLIST_FILE = "TestA/TestA-Info.plist";
				PRODUCT_NAME = "$(TARGET_NAME)";
				WRAPPER_EXTENSION = app;
			};
			name = Debug;
		};
		CC66205C17CEF83A009E271D /* Release */ = {
			isa = XCBuildConfiguration;
			buildSettings = {
				ASSETCATALOG_COMPILER_APPICON_NAME = AppIcon;
				ASSETCATALOG_COMPILER_LAUNCHIMAGE_NAME = LaunchImage;
				GCC_PRECOMPILE_PREFIX_HEADER = YES;
				GCC_PREFIX_HEADER = "TestA/TestA-Prefix.pch";
				INFOPLIST_FILE = "TestA/TestA-Info.plist";
				PRODUCT_NAME = "$(TARGET_NAME)";
				WRAPPER_EXTENSION = app;
			};
			name = Release;
		};
		CC66205E17CEF83A009E271D /* Debug */ = {
			isa = XCBuildConfiguration;
			buildSettings = {
				BUNDLE_LOADER = "$(BUILT_PRODUCTS_DIR)/TestA.app/TestA";
				FRAMEWORK_SEARCH_PATHS = (
					"$(SDKROOT)/Developer/Library/Frameworks",
					"$(inherited)",
					"$(SYSTEM_APPS_DIR)/Xcode5-DP.app/Contents/Developer/Library/Frameworks",
				);
				GCC_PRECOMPILE_PREFIX_HEADER = YES;
				GCC_PREFIX_HEADER = "TestA/TestA-Prefix.pch";
				GCC_PREPROCESSOR_DEFINITIONS = (
					"DEBUG=1",
					"$(inherited)",
				);
				INFOPLIST_FILE = "TestATests/TestATests-Info.plist";
				PRODUCT_NAME = "$(TARGET_NAME)";
				TEST_HOST = "$(BUNDLE_LOADER)";
				WRAPPER_EXTENSION = xctest;
			};
			name = Debug;
		};
		CC66205F17CEF83A009E271D /* Release */ = {
			isa = XCBuildConfiguration;
			buildSettings = {
				BUNDLE_LOADER = "$(BUILT_PRODUCTS_DIR)/TestA.app/TestA";
				FRAMEWORK_SEARCH_PATHS = (
					"$(SDKROOT)/Developer/Library/Frameworks",
					"$(inherited)",
					"$(SYSTEM_APPS_DIR)/Xcode5-DP.app/Contents/Developer/Library/Frameworks",
				);
				GCC_PRECOMPILE_PREFIX_HEADER = YES;
				GCC_PREFIX_HEADER = "TestA/TestA-Prefix.pch";
				INFOPLIST_FILE = "TestATests/TestATests-Info.plist";
				PRODUCT_NAME = "$(TARGET_NAME)";
				TEST_HOST = "$(BUNDLE_LOADER)";
				WRAPPER_EXTENSION = xctest;
			};
			name = Release;
		};
/* End XCBuildConfiguration section */

/* Begin XCConfigurationList section */
		CC66202317CEF83A009E271D /* Build configuration list for PBXProject "TestA" */ = {
			isa = XCConfigurationList;
			buildConfigurations = (
				CC66205817CEF83A009E271D /* Debug */,
				CC66205917CEF83A009E271D /* Release */,
			);
			defaultConfigurationIsVisible = 0;
			defaultConfigurationName = Release;
		};
		CC66205A17CEF83A009E271D /* Build configuration list for PBXNativeTarget "TestA" */ = {
			isa = XCConfigurationList;
			buildConfigurations = (
				CC66205B17CEF83A009E271D /* Debug */,
				CC66205C17CEF83A009E271D /* Release */,
			);
			defaultConfigurationIsVisible = 0;
		};
		CC66205D17CEF83A009E271D /* Build configuration list for PBXNativeTarget "TestATests" */ = {
			isa = XCConfigurationList;
			buildConfigurations = (
				CC66205E17CEF83A009E271D /* Debug */,
				CC66205F17CEF83A009E271D /* Release */,
			);
			defaultConfigurationIsVisible = 0;
		};
/* End XCConfigurationList section */
	};
	rootObject = CC66202017CEF83A009E271D /* Project object */;
}
